lockfileVersion: '9.0'

settings:
  autoInstallPeers: true
  excludeLinksFromLockfile: false

importers:

  .:
    dependencies:
      browser-image-compression:
        specifier: ^2.0.2
        version: 2.0.2
      hash.js:
        specifier: ^1.1.7
        version: 1.1.7
      jspdf:
        specifier: ^4.0.0
        version: 4.0.0
      tga-js:
        specifier: ^1.1.1
        version: 1.1.1
    devDependencies:
      gh-pages:
        specifier: ^6.3.0
        version: 6.3.0
      typescript:
        specifier: ^5.9.3
        version: 5.9.3
      vite:
        specifier: ^7.3.1
        version: 7.3.1(terser@5.39.0)
      vite-plugin-minify:
        specifier: ^2.1.0
        version: 2.1.0(vite@7.3.1(terser@5.39.0))

packages:

  '@babel/runtime@7.28.6':
    resolution: {integrity: sha512-05WQkdpL9COIMz4LjTxGpPNCdlpyimKppYNoJ5Di5EUObifl8t4tuLuUBBZEpoLYOmfvIWrsp9fCl0HoPRVTdA==}
    engines: {node: '>=6.9.0'}

  '@esbuild/aix-ppc64@0.27.2':
    resolution: {integrity: sha512-GZMB+a0mOMZs4MpDbj8RJp4cw+w1WV5NYD6xzgvzUJ5Ek2jerwfO2eADyI6ExDSUED+1X8aMbegahsJi+8mgpw==}
    engines: {node: '>=18'}
    cpu: [ppc64]
    os: [aix]

  '@esbuild/android-arm64@0.27.2':
    resolution: {integrity: sha512-pvz8ZZ7ot/RBphf8fv60ljmaoydPU12VuXHImtAs0XhLLw+EXBi2BLe3OYSBslR4rryHvweW5gmkKFwTiFy6KA==}
    engines: {node: '>=18'}
    cpu: [arm64]
    os: [android]

  '@esbuild/android-arm@0.27.2':
    resolution: {integrity: sha512-DVNI8jlPa7Ujbr1yjU2PfUSRtAUZPG9I1RwW4F4xFB1Imiu2on0ADiI/c3td+KmDtVKNbi+nffGDQMfcIMkwIA==}
    engines: {node: '>=18'}
    cpu: [arm]
    os: [android]

  '@esbuild/android-x64@0.27.2':
    resolution: {integrity: sha512-z8Ank4Byh4TJJOh4wpz8g2vDy75zFL0TlZlkUkEwYXuPSgX8yzep596n6mT7905kA9uHZsf/o2OJZubl2l3M7A==}
    engines: {node: '>=18'}
    cpu: [x64]
    os: [android]

  '@esbuild/darwin-arm64@0.27.2':
    resolution: {integrity: sha512-davCD2Zc80nzDVRwXTcQP/28fiJbcOwvdolL0sOiOsbwBa72kegmVU0Wrh1MYrbuCL98Omp5dVhQFWRKR2ZAlg==}
    engines: {node: '>=18'}
    cpu: [arm64]
    os: [darwin]

  '@esbuild/darwin-x64@0.27.2':
    resolution: {integrity: sha512-ZxtijOmlQCBWGwbVmwOF/UCzuGIbUkqB1faQRf5akQmxRJ1ujusWsb3CVfk/9iZKr2L5SMU5wPBi1UWbvL+VQA==}
    engines: {node: '>=18'}
    cpu: [x64]
    os: [darwin]

  '@esbuild/freebsd-arm64@0.27.2':
    resolution: {integrity: sha512-lS/9CN+rgqQ9czogxlMcBMGd+l8Q3Nj1MFQwBZJyoEKI50XGxwuzznYdwcav6lpOGv5BqaZXqvBSiB/kJ5op+g==}
    engines: {node: '>=18'}
    cpu: [arm64]
    os: [freebsd]

  '@esbuild/freebsd-x64@0.27.2':
    resolution: {integrity: sha512-tAfqtNYb4YgPnJlEFu4c212HYjQWSO/w/h/lQaBK7RbwGIkBOuNKQI9tqWzx7Wtp7bTPaGC6MJvWI608P3wXYA==}
    engines: {node: '>=18'}
    cpu: [x64]
    os: [freebsd]

  '@esbuild/linux-arm64@0.27.2':
    resolution: {integrity: sha512-hYxN8pr66NsCCiRFkHUAsxylNOcAQaxSSkHMMjcpx0si13t1LHFphxJZUiGwojB1a/Hd5OiPIqDdXONia6bhTw==}
    engines: {node: '>=18'}
    cpu: [arm64]
    os: [linux]

  '@esbuild/linux-arm@0.27.2':
    resolution: {integrity: sha512-vWfq4GaIMP9AIe4yj1ZUW18RDhx6EPQKjwe7n8BbIecFtCQG4CfHGaHuh7fdfq+y3LIA2vGS/o9ZBGVxIDi9hw==}
    engines: {node: '>=18'}
    cpu: [arm]
    os: [linux]

  '@esbuild/linux-ia32@0.27.2':
    resolution: {integrity: sha512-MJt5BRRSScPDwG2hLelYhAAKh9imjHK5+NE/tvnRLbIqUWa+0E9N4WNMjmp/kXXPHZGqPLxggwVhz7QP8CTR8w==}
    engines: {node: '>=18'}
    cpu: [ia32]
    os: [linux]

  '@esbuild/linux-loong64@0.27.2':
    resolution: {integrity: sha512-lugyF1atnAT463aO6KPshVCJK5NgRnU4yb3FUumyVz+cGvZbontBgzeGFO1nF+dPueHD367a2ZXe1NtUkAjOtg==}
    engines: {node: '>=18'}
    cpu: [loong64]
    os: [linux]

  '@esbuild/linux-mips64el@0.27.2':
    resolution: {integrity: sha512-nlP2I6ArEBewvJ2gjrrkESEZkB5mIoaTswuqNFRv/WYd+ATtUpe9Y09RnJvgvdag7he0OWgEZWhviS1OTOKixw==}
    engines: {node: '>=18'}
    cpu: [mips64el]
    os: [linux]

  '@esbuild/linux-ppc64@0.27.2':
    resolution: {integrity: sha512-C92gnpey7tUQONqg1n6dKVbx3vphKtTHJaNG2Ok9lGwbZil6DrfyecMsp9CrmXGQJmZ7iiVXvvZH6Ml5hL6XdQ==}
    engines: {node: '>=18'}
    cpu: [ppc64]
    os: [linux]

  '@esbuild/linux-riscv64@0.27.2':
    resolution: {integrity: sha512-B5BOmojNtUyN8AXlK0QJyvjEZkWwy/FKvakkTDCziX95AowLZKR6aCDhG7LeF7uMCXEJqwa8Bejz5LTPYm8AvA==}
    engines: {node: '>=18'}
    cpu: [riscv64]
    os: [linux]

  '@esbuild/linux-s390x@0.27.2':
    resolution: {integrity: sha512-p4bm9+wsPwup5Z8f4EpfN63qNagQ47Ua2znaqGH6bqLlmJ4bx97Y9JdqxgGZ6Y8xVTixUnEkoKSHcpRlDnNr5w==}
    engines: {node: '>=18'}
    cpu: [s390x]
    os: [linux]

  '@esbuild/linux-x64@0.27.2':
    resolution: {integrity: sha512-uwp2Tip5aPmH+NRUwTcfLb+W32WXjpFejTIOWZFw/v7/KnpCDKG66u4DLcurQpiYTiYwQ9B7KOeMJvLCu/OvbA==}
    engines: {node: '>=18'}
    cpu: [x64]
    os: [linux]

  '@esbuild/netbsd-arm64@0.27.2':
    resolution: {integrity: sha512-Kj6DiBlwXrPsCRDeRvGAUb/LNrBASrfqAIok+xB0LxK8CHqxZ037viF13ugfsIpePH93mX7xfJp97cyDuTZ3cw==}
    engines: {node: '>=18'}
    cpu: [arm64]
    os: [netbsd]

  '@esbuild/netbsd-x64@0.27.2':
    resolution: {integrity: sha512-HwGDZ0VLVBY3Y+Nw0JexZy9o/nUAWq9MlV7cahpaXKW6TOzfVno3y3/M8Ga8u8Yr7GldLOov27xiCnqRZf0tCA==}
    engines: {node: '>=18'}
    cpu: [x64]
    os: [netbsd]

  '@esbuild/openbsd-arm64@0.27.2':
    resolution: {integrity: sha512-DNIHH2BPQ5551A7oSHD0CKbwIA/Ox7+78/AWkbS5QoRzaqlev2uFayfSxq68EkonB+IKjiuxBFoV8ESJy8bOHA==}
    engines: {node: '>=18'}
    cpu: [arm64]
    os: [openbsd]

  '@esbuild/openbsd-x64@0.27.2':
    resolution: {integrity: sha512-/it7w9Nb7+0KFIzjalNJVR5bOzA9Vay+yIPLVHfIQYG/j+j9VTH84aNB8ExGKPU4AzfaEvN9/V4HV+F+vo8OEg==}
    engines: {node: '>=18'}
    cpu: [x64]
    os: [openbsd]

  '@esbuild/openharmony-arm64@0.27.2':
    resolution: {integrity: sha512-LRBbCmiU51IXfeXk59csuX/aSaToeG7w48nMwA6049Y4J4+VbWALAuXcs+qcD04rHDuSCSRKdmY63sruDS5qag==}
    engines: {node: '>=18'}
    cpu: [arm64]
    os: [openharmony]

  '@esbuild/sunos-x64@0.27.2':
    resolution: {integrity: sha512-kMtx1yqJHTmqaqHPAzKCAkDaKsffmXkPHThSfRwZGyuqyIeBvf08KSsYXl+abf5HDAPMJIPnbBfXvP2ZC2TfHg==}
    engines: {node: '>=18'}
    cpu: [x64]
    os: [sunos]

  '@esbuild/win32-arm64@0.27.2':
    resolution: {integrity: sha512-Yaf78O/B3Kkh+nKABUF++bvJv5Ijoy9AN1ww904rOXZFLWVc5OLOfL56W+C8F9xn5JQZa3UX6m+IktJnIb1Jjg==}
    engines: {node: '>=18'}
    cpu: [arm64]
    os: [win32]

  '@esbuild/win32-ia32@0.27.2':
    resolution: {integrity: sha512-Iuws0kxo4yusk7sw70Xa2E2imZU5HoixzxfGCdxwBdhiDgt9vX9VUCBhqcwY7/uh//78A1hMkkROMJq9l27oLQ==}
    engines: {node: '>=18'}
    cpu: [ia32]
    os: [win32]

  '@esbuild/win32-x64@0.27.2':
    resolution: {integrity: sha512-sRdU18mcKf7F+YgheI/zGf5alZatMUTKj/jNS6l744f9u3WFu4v7twcUI9vu4mknF4Y9aDlblIie0IM+5xxaqQ==}
    engines: {node: '>=18'}
    cpu: [x64]
    os: [win32]

  '@jridgewell/gen-mapping@0.3.8':
    resolution: {integrity: sha512-imAbBGkb+ebQyxKgzv5Hu2nmROxoDOXHh80evxdoXNOrvAnVx7zimzc1Oo5h9RlfV4vPXaE2iM5pOFbvOCClWA==}
    engines: {node: '>=6.0.0'}

  '@jridgewell/resolve-uri@3.1.2':
    resolution: {integrity: sha512-bRISgCIjP20/tbWSPWMEi54QVPRZExkuD9lJL+UIxUKtwVJA8wW1Trb1jMs1RFXo1CBTNZ/5hpC9QvmKWdopKw==}
    engines: {node: '>=6.0.0'}

  '@jridgewell/set-array@1.2.1':
    resolution: {integrity: sha512-R8gLRTZeyp03ymzP/6Lil/28tGeGEzhx1q2k703KGWRAI1VdvPIXdG70VJc2pAMw3NA6JKL5hhFu1sJX0Mnn/A==}
    engines: {node: '>=6.0.0'}

  '@jridgewell/source-map@0.3.6':
    resolution: {integrity: sha512-1ZJTZebgqllO79ue2bm3rIGud/bOe0pP5BjSRCRxxYkEZS8STV7zN84UBbiYu7jy+eCKSnVIUgoWWE/tt+shMQ==}

  '@jridgewell/sourcemap-codec@1.5.0':
    resolution: {integrity: sha512-gv3ZRaISU3fjPAgNsriBRqGWQL6quFx04YMPW/zD8XMLsU32mhCCbfbO6KZFLjvYpCZ8zyDEgqsgf+PwPaM7GQ==}

  '@jridgewell/trace-mapping@0.3.25':
    resolution: {integrity: sha512-vNk6aEwybGtawWmy/PzwnGDOjCkLWSD2wqvjGGAgOAwCGWySYXfYoxt00IJkTF+8Lb57DwOb3Aa0o9CApepiYQ==}

  '@nodelib/fs.scandir@2.1.5':
    resolution: {integrity: sha512-vq24Bq3ym5HEQm2NKCr3yXDwjc7vTsEThRDnkp2DK9p1uqLR+DHurm/NOTo0KG7HYHU7eppKZj3MyqYuMBf62g==}
    engines: {node: '>= 8'}

  '@nodelib/fs.stat@2.0.5':
    resolution: {integrity: sha512-RkhPPp2zrqDAQA/2jNhnztcPAlv64XdhIp7a7454A5ovI7Bukxgt7MX7udwAu3zg1DcpPU0rz3VV1SeaqvY4+A==}
    engines: {node: '>= 8'}

  '@nodelib/fs.walk@1.2.8':
    resolution: {integrity: sha512-oGB+UxlgWcgQkgwo8GcEGwemoTFt3FIO9ababBmaGwXIoBKZ+GTy0pP185beGg7Llih/NSHSV2XAs1lnznocSg==}
    engines: {node: '>= 8'}

  '@rollup/rollup-android-arm-eabi@4.50.0':
    resolution: {integrity: sha512-lVgpeQyy4fWN5QYebtW4buT/4kn4p4IJ+kDNB4uYNT5b8c8DLJDg6titg20NIg7E8RWwdWZORW6vUFfrLyG3KQ==}
    cpu: [arm]
    os: [android]

  '@rollup/rollup-android-arm64@4.50.0':
    resolution: {integrity: sha512-2O73dR4Dc9bp+wSYhviP6sDziurB5/HCym7xILKifWdE9UsOe2FtNcM+I4xZjKrfLJnq5UR8k9riB87gauiQtw==}
    cpu: [arm64]
    os: [android]

  '@rollup/rollup-darwin-arm64@4.50.0':
    resolution: {integrity: sha512-vwSXQN8T4sKf1RHr1F0s98Pf8UPz7pS6P3LG9NSmuw0TVh7EmaE+5Ny7hJOZ0M2yuTctEsHHRTMi2wuHkdS6Hg==}
    cpu: [arm64]
    os: [darwin]

  '@rollup/rollup-darwin-x64@4.50.0':
    resolution: {integrity: sha512-cQp/WG8HE7BCGyFVuzUg0FNmupxC+EPZEwWu2FCGGw5WDT1o2/YlENbm5e9SMvfDFR6FRhVCBePLqj0o8MN7Vw==}
    cpu: [x64]
    os: [darwin]

  '@rollup/rollup-freebsd-arm64@4.50.0':
    resolution: {integrity: sha512-UR1uTJFU/p801DvvBbtDD7z9mQL8J80xB0bR7DqW7UGQHRm/OaKzp4is7sQSdbt2pjjSS72eAtRh43hNduTnnQ==}
    cpu: [arm64]
    os: [freebsd]

  '@rollup/rollup-freebsd-x64@4.50.0':
    resolution: {integrity: sha512-G/DKyS6PK0dD0+VEzH/6n/hWDNPDZSMBmqsElWnCRGrYOb2jC0VSupp7UAHHQ4+QILwkxSMaYIbQ72dktp8pKA==}
    cpu: [x64]
    os: [freebsd]

  '@rollup/rollup-linux-arm-gnueabihf@4.50.0':
    resolution: {integrity: sha512-u72Mzc6jyJwKjJbZZcIYmd9bumJu7KNmHYdue43vT1rXPm2rITwmPWF0mmPzLm9/vJWxIRbao/jrQmxTO0Sm9w==}
    cpu: [arm]
    os: [linux]

  '@rollup/rollup-linux-arm-musleabihf@4.50.0':
    resolution: {integrity: sha512-S4UefYdV0tnynDJV1mdkNawp0E5Qm2MtSs330IyHgaccOFrwqsvgigUD29uT+B/70PDY1eQ3t40+xf6wIvXJyg==}
    cpu: [arm]
    os: [linux]

  '@rollup/rollup-linux-arm64-gnu@4.50.0':
    resolution: {integrity: sha512-1EhkSvUQXJsIhk4msxP5nNAUWoB4MFDHhtc4gAYvnqoHlaL9V3F37pNHabndawsfy/Tp7BPiy/aSa6XBYbaD1g==}
    cpu: [arm64]
    os: [linux]

  '@rollup/rollup-linux-arm64-musl@4.50.0':
    resolution: {integrity: sha512-EtBDIZuDtVg75xIPIK1l5vCXNNCIRM0OBPUG+tbApDuJAy9mKago6QxX+tfMzbCI6tXEhMuZuN1+CU8iDW+0UQ==}
    cpu: [arm64]
    os: [linux]

  '@rollup/rollup-linux-loongarch64-gnu@4.50.0':
    resolution: {integrity: sha512-BGYSwJdMP0hT5CCmljuSNx7+k+0upweM2M4YGfFBjnFSZMHOLYR0gEEj/dxyYJ6Zc6AiSeaBY8dWOa11GF/ppQ==}
    cpu: [loong64]
    os: [linux]

  '@rollup/rollup-linux-ppc64-gnu@4.50.0':
    resolution: {integrity: sha512-I1gSMzkVe1KzAxKAroCJL30hA4DqSi+wGc5gviD0y3IL/VkvcnAqwBf4RHXHyvH66YVHxpKO8ojrgc4SrWAnLg==}
    cpu: [ppc64]
    os: [linux]

  '@rollup/rollup-linux-riscv64-gnu@4.50.0':
    resolution: {integrity: sha512-bSbWlY3jZo7molh4tc5dKfeSxkqnf48UsLqYbUhnkdnfgZjgufLS/NTA8PcP/dnvct5CCdNkABJ56CbclMRYCA==}
    cpu: [riscv64]
    os: [linux]

  '@rollup/rollup-linux-riscv64-musl@4.50.0':
    resolution: {integrity: sha512-LSXSGumSURzEQLT2e4sFqFOv3LWZsEF8FK7AAv9zHZNDdMnUPYH3t8ZlaeYYZyTXnsob3htwTKeWtBIkPV27iQ==}
    cpu: [riscv64]
    os: [linux]

  '@rollup/rollup-linux-s390x-gnu@4.50.0':
    resolution: {integrity: sha512-CxRKyakfDrsLXiCyucVfVWVoaPA4oFSpPpDwlMcDFQvrv3XY6KEzMtMZrA+e/goC8xxp2WSOxHQubP8fPmmjOQ==}
    cpu: [s390x]
    os: [linux]

  '@rollup/rollup-linux-x64-gnu@4.50.0':
    resolution: {integrity: sha512-8PrJJA7/VU8ToHVEPu14FzuSAqVKyo5gg/J8xUerMbyNkWkO9j2ExBho/68RnJsMGNJq4zH114iAttgm7BZVkA==}
    cpu: [x64]
    os: [linux]

  '@rollup/rollup-linux-x64-musl@4.50.0':
    resolution: {integrity: sha512-SkE6YQp+CzpyOrbw7Oc4MgXFvTw2UIBElvAvLCo230pyxOLmYwRPwZ/L5lBe/VW/qT1ZgND9wJfOsdy0XptRvw==}
    cpu: [x64]
    os: [linux]

  '@rollup/rollup-openharmony-arm64@4.50.0':
    resolution: {integrity: sha512-PZkNLPfvXeIOgJWA804zjSFH7fARBBCpCXxgkGDRjjAhRLOR8o0IGS01ykh5GYfod4c2yiiREuDM8iZ+pVsT+Q==}
    cpu: [arm64]
    os: [openharmony]

  '@rollup/rollup-win32-arm64-msvc@4.50.0':
    resolution: {integrity: sha512-q7cIIdFvWQoaCbLDUyUc8YfR3Jh2xx3unO8Dn6/TTogKjfwrax9SyfmGGK6cQhKtjePI7jRfd7iRYcxYs93esg==}
    cpu: [arm64]
    os: [win32]

  '@rollup/rollup-win32-ia32-msvc@4.50.0':
    resolution: {integrity: sha512-XzNOVg/YnDOmFdDKcxxK410PrcbcqZkBmz+0FicpW5jtjKQxcW1BZJEQOF0NJa6JO7CZhett8GEtRN/wYLYJuw==}
    cpu: [ia32]
    os: [win32]

  '@rollup/rollup-win32-x64-msvc@4.50.0':
    resolution: {integrity: sha512-xMmiWRR8sp72Zqwjgtf3QbZfF1wdh8X2ABu3EaozvZcyHJeU0r+XAnXdKgs4cCAp6ORoYoCygipYP1mjmbjrsg==}
    cpu: [x64]
    os: [win32]

  '@types/estree@1.0.8':
    resolution: {integrity: sha512-dWHzHa2WqEXI/O1E9OjrocMTKJl2mSrEolh1Iomrv6U+JuNwaHXsXx9bLu5gG7BUWFIN0skIQJQ/L1rIex4X6w==}

  '@types/html-minifier-terser@7.0.2':
    resolution: {integrity: sha512-mm2HqV22l8lFQh4r2oSsOEVea+m0qqxEmwpc9kC1p/XzmjLWrReR9D/GRs8Pex2NX/imyEH9c5IU/7tMBQCHOA==}

  '@types/pako@2.0.4':
    resolution: {integrity: sha512-VWDCbrLeVXJM9fihYodcLiIv0ku+AlOa/TQ1SvYOaBuyrSKgEcro95LJyIsJ4vSo6BXIxOKxiJAat04CmST9Fw==}

  '@types/raf@3.4.3':
    resolution: {integrity: sha512-c4YAvMedbPZ5tEyxzQdMoOhhJ4RD3rngZIdwC2/qDN3d7JpEhB6fiBRKVY1lg5B7Wk+uPBjn5f39j1/2MY1oOw==}

  '@types/trusted-types@2.0.7':
    resolution: {integrity: sha512-ScaPdn1dQczgbl0QFTeTOmVHFULt394XJgOQNoyVhZ6r2vLnMLJfBPd53SB52T/3G36VI1/g2MZaX0cwDuXsfw==}

  acorn@8.14.1:
    resolution: {integrity: sha512-OvQ/2pUDKmgfCg++xsTX1wGxfTaszcHVcTctW4UJB4hibJx2HXxxO5UmVgyjMa+ZDsiaf5wWLXYpRWMmBI0QHg==}
    engines: {node: '>=0.4.0'}
    hasBin: true

  array-union@2.1.0:
    resolution: {integrity: sha512-HGyxoOTYUyCM6stUe6EJgnd4EoewAI7zMdfqO+kGjnlZmBDz/cR5pf8r/cR4Wq60sL/p0IkcjUEEPwS3GFrIyw==}
    engines: {node: '>=8'}

  async@3.2.6:
    resolution: {integrity: sha512-htCUDlxyyCLMgaM3xXg0C0LW2xqfuQ6p05pCEIsXuyQ+a1koYKTuBMzRNwmybfLgvJDMd0r1LTn4+E0Ti6C2AA==}

  base64-arraybuffer@1.0.2:
    resolution: {integrity: sha512-I3yl4r9QB5ZRY3XuJVEPfc2XhZO6YweFPI+UovAzn+8/hb3oJ6lnysaFcjVpkCPfVWFUDvoZ8kmVDP7WyRtYtQ==}
    engines: {node: '>= 0.6.0'}

  braces@3.0.3:
    resolution: {integrity: sha512-yQbXgO/OSZVD2IsiLlro+7Hf6Q18EJrKSEsdoMzKePKXct3gvD8oLcOQdIzGupr5Fj+EDe8gO/lxc1BzfMpxvA==}
    engines: {node: '>=8'}

  browser-image-compression@2.0.2:
    resolution: {integrity: sha512-pBLlQyUf6yB8SmmngrcOw3EoS4RpQ1BcylI3T9Yqn7+4nrQTXJD4sJDe5ODnJdrvNMaio5OicFo75rDyJD2Ucw==}

  buffer-from@1.1.2:
    resolution: {integrity: sha512-E+XQCRwSbaaiChtv6k6Dwgc+bx+Bs6vuKJHHl5kox/BaKbhiXzqQOwK4cO22yElGp2OCmjwVhT3HmxgyPGnJfQ==}

  camel-case@4.1.2:
    resolution: {integrity: sha512-gxGWBrTT1JuMx6R+o5PTXMmUnhnVzLQ9SNutD4YqKtI6ap897t3tKECYla6gCWEkplXnlNybEkZg9GEGxKFCgw==}

  canvg@3.0.11:
    resolution: {integrity: sha512-5ON+q7jCTgMp9cjpu4Jo6XbvfYwSB2Ow3kzHKfIyJfaCAOHLbdKPQqGKgfED/R5B+3TFFfe8pegYA+b423SRyA==}
    engines: {node: '>=10.0.0'}

  clean-css@5.3.3:
    resolution: {integrity: sha512-D5J+kHaVb/wKSFcyyV75uCn8fiY4sV38XJoe4CUyGQ+mOU/fMVYUdH1hJC+CJQ5uY3EnW27SbJYS4X8BiLrAFg==}
    engines: {node: '>= 10.0'}

  commander@10.0.1:
    resolution: {integrity: sha512-y4Mg2tXshplEbSGzx7amzPwKKOCGuoSRP/CjEdwwk0FOGlUbq6lKuoyDZTNZkmxHdJtp54hdfY/JUrdL7Xfdug==}
    engines: {node: '>=14'}

  commander@13.1.0:
    resolution: {integrity: sha512-/rFeCpNJQbhSZjGVwO9RFV3xPqbnERS8MmIQzCtD/zl6gpJuV/bMLuN92oG3F7d8oDEHHRrujSXNUr8fpjntKw==}
    engines: {node: '>=18'}

  commander@2.20.3:
    resolution: {integrity: sha512-GpVkmM8vF2vQUkj2LvZmD35JxeJOLCwJ9cUkugyk2nuhbv3+mJvpLYYt+0+USMxE+oj+ey/lJEnhZw75x/OMcQ==}

  commondir@1.0.1:
    resolution: {integrity: sha512-W9pAhw0ja1Edb5GVdIF1mjZw/ASI0AlShXM83UUGe2DVr5TdAPEA1OA8m/g8zWp9x6On7gqufY+FatDbC3MDQg==}

  core-js@3.41.0:
    resolution: {integrity: sha512-SJ4/EHwS36QMJd6h/Rg+GyR4A5xE0FSI3eZ+iBVpfqf1x0eTSg1smWLHrA+2jQThZSh97fmSgFSU8B61nxosxA==}

  css-line-break@2.1.0:
    resolution: {integrity: sha512-FHcKFCZcAha3LwfVBhCQbW2nCNbkZXn7KVUJcsT5/P8YmfsVja0FMPJr0B903j/E69HUphKiV9iQArX8SDYA4w==}

  dir-glob@3.0.1:
    resolution: {integrity: sha512-WkrWp9GR4KXfKGYzOLmTuGVi1UWFfws377n9cc55/tb6DuqyF6pcQ5AbiHEshaDpY9v6oaSr2XCDidGmMwdzIA==}
    engines: {node: '>=8'}

  dompurify@3.2.4:
    resolution: {integrity: sha512-ysFSFEDVduQpyhzAob/kkuJjf5zWkZD8/A9ywSp1byueyuCfHamrCBa14/Oc2iiB0e51B+NpxSl5gmzn+Ms/mg==}

  dot-case@3.0.4:
    resolution: {integrity: sha512-Kv5nKlh6yRrdrGvxeJ2e5y2eRUpkUosIW4A2AS38zwSz27zu7ufDwQPi5Jhs3XAlGNetl3bmnGhQsMtkKJnj3w==}

  email-addresses@5.0.0:
    resolution: {integrity: sha512-4OIPYlA6JXqtVn8zpHpGiI7vE6EQOAg16aGnDMIAlZVinnoZ8208tW1hAbjWydgN/4PLTT9q+O1K6AH/vALJGw==}

  entities@4.5.0:
    resolution: {integrity: sha512-V0hjH4dGPh9Ao5p0MoRY6BVqtwCjhz6vI5LT8AJ55H+4g9/4vbHx1I54fS0XuclLhDHArPQCiMjDxjaL8fPxhw==}
    engines: {node: '>=0.12'}

  esbuild@0.27.2:
    resolution: {integrity: sha512-HyNQImnsOC7X9PMNaCIeAm4ISCQXs5a5YasTXVliKv4uuBo1dKrG0A+uQS8M5eXjVMnLg3WgXaKvprHlFJQffw==}
    engines: {node: '>=18'}
    hasBin: true

  escape-string-regexp@1.0.5:
    resolution: {integrity: sha512-vbRorB5FUQWvla16U8R/qgaFIya2qGzwDrNmCZuYKrbdSUMG6I1ZCGQRefkRVhuOkIGVne7BQ35DSfo1qvJqFg==}
    engines: {node: '>=0.8.0'}

  fast-glob@3.3.3:
    resolution: {integrity: sha512-7MptL8U0cqcFdzIzwOTHoilX9x5BrNqye7Z/LuC7kCMRio1EMSyqRK3BEAUD7sXRq4iT4AzTVuZdhgQ2TCvYLg==}
    engines: {node: '>=8.6.0'}

  fast-png@6.4.0:
    resolution: {integrity: sha512-kAqZq1TlgBjZcLr5mcN6NP5Rv4V2f22z00c3g8vRrwkcqjerx7BEhPbOnWCPqaHUl2XWQBJQvOT/FQhdMT7X/Q==}

  fastq@1.19.1:
    resolution: {integrity: sha512-GwLTyxkCXjXbxqIhTsMI2Nui8huMPtnxg7krajPJAjnEG/iiOS7i+zCtWGZR9G0NBKbXKh6X9m9UIsYX/N6vvQ==}

  fdir@6.5.0:
    resolution: {integrity: sha512-tIbYtZbucOs0BRGqPJkshJUYdL+SDH7dVM8gjy+ERp3WAUjLEFJE+02kanyHtwjWOnwrKYBiwAmM0p4kLJAnXg==}
    engines: {node: '>=12.0.0'}
    peerDependencies:
      picomatch: ^3 || ^4
    peerDependenciesMeta:
      picomatch:
        optional: true

  fflate@0.8.2:
    resolution: {integrity: sha512-cPJU47OaAoCbg0pBvzsgpTPhmhqI5eJjh/JIu8tPj5q+T7iLvW/JAYUqmE7KOB4R1ZyEhzBaIQpQpardBF5z8A==}

  filename-reserved-regex@2.0.0:
    resolution: {integrity: sha512-lc1bnsSr4L4Bdif8Xb/qrtokGbq5zlsms/CYH8PP+WtCkGNF65DPiQY8vG3SakEdRn8Dlnm+gW/qWKKjS5sZzQ==}
    engines: {node: '>=4'}

  filenamify@4.3.0:
    resolution: {integrity: sha512-hcFKyUG57yWGAzu1CMt/dPzYZuv+jAJUT85bL8mrXvNe6hWj6yEHEc4EdcgiA6Z3oi1/9wXJdZPXF2dZNgwgOg==}
    engines: {node: '>=8'}

  fill-range@7.1.1:
    resolution: {integrity: sha512-YsGpe3WHLK8ZYi4tWDg2Jy3ebRz2rXowDxnld4bkQB00cc/1Zw9AWnC0i9ztDJitivtQvaI9KaLyKrc+hBW0yg==}
    engines: {node: '>=8'}

  find-cache-dir@3.3.2:
    resolution: {integrity: sha512-wXZV5emFEjrridIgED11OoUKLxiYjAcqot/NJdAkOhlJ+vGzwhOAfcG5OX1jP+S0PcjEn8bdMJv+g2jwQ3Onig==}
    engines: {node: '>=8'}

  find-up@4.1.0:
    resolution: {integrity: sha512-PpOwAdQ/YlXQ2vj8a3h8IipDuYRi3wceVQQGYWxNINccq40Anw7BlsEXCMbt1Zt+OLA6Fq9suIpIWD0OsnISlw==}
    engines: {node: '>=8'}

  fs-extra@11.3.0:
    resolution: {integrity: sha512-Z4XaCL6dUDHfP/jT25jJKMmtxvuwbkrD1vNSMFlo9lNLY2c5FHYSQgHPRZUjAB26TpDEoW9HCOgplrdbaPV/ew==}
    engines: {node: '>=14.14'}

  fsevents@2.3.3:
    resolution: {integrity: sha512-5xoDfX+fL7faATnagmWPpbFtwh/R77WmMMqqHGS65C3vvB0YHrgF+B1YmZ3441tMj5n63k0212XNoJwzlhffQw==}
    engines: {node: ^8.16.0 || ^10.6.0 || >=11.0.0}
    os: [darwin]

  gh-pages@6.3.0:
    resolution: {integrity: sha512-Ot5lU6jK0Eb+sszG8pciXdjMXdBJ5wODvgjR+imihTqsUWF2K6dJ9HST55lgqcs8wWcw6o6wAsUzfcYRhJPXbA==}
    engines: {node: '>=10'}
    hasBin: true

  glob-parent@5.1.2:
    resolution: {integrity: sha512-AOIgSQCepiJYwP3ARnGx+5VnTu2HBYdzbGP45eLw1vr3zB3vZLeyed1sC9hnbcOc9/SrMyM5RPQrkGz4aS9Zow==}
    engines: {node: '>= 6'}

  globby@11.1.0:
    resolution: {integrity: sha512-jhIXaOzy1sb8IyocaruWSn1TjmnBVs8Ayhcy83rmxNJ8q2uWKCAj3CnJY+KpGSXCueAPc0i05kVvVKtP1t9S3g==}
    engines: {node: '>=10'}

  graceful-fs@4.2.11:
    resolution: {integrity: sha512-RbJ5/jmFcNNCcDV5o9eTnBLJ/HszWV0P73bc+Ff4nS/rJj+YaS6IGyiOL0VoBYX+l1Wrl3k63h/KrH+nhJ0XvQ==}

  hash.js@1.1.7:
    resolution: {integrity: sha512-taOaskGt4z4SOANNseOviYDvjEJinIkRgmp7LbKP2YTTmVxWBl87s/uzK9r+44BclBSp2X7K1hqeNfz9JbBeXA==}

  html-minifier-terser@7.2.0:
    resolution: {integrity: sha512-tXgn3QfqPIpGl9o+K5tpcj3/MN4SfLtsx2GWwBC3SSd0tXQGyF3gsSqad8loJgKZGM3ZxbYDd5yhiBIdWpmvLA==}
    engines: {node: ^14.13.1 || >=16.0.0}
    hasBin: true

  html2canvas@1.4.1:
    resolution: {integrity: sha512-fPU6BHNpsyIhr8yyMpTLLxAbkaK8ArIBcmZIRiBLiDhjeqvXolaEmDGmELFuX9I4xDcaKKcJl+TKZLqruBbmWA==}
    engines: {node: '>=8.0.0'}

  ignore@5.3.2:
    resolution: {integrity: sha512-hsBTNUqQTDwkWtcdYI2i06Y/nUBEsNEDJKjWdigLvegy8kDuJAS8uRlpkkcQpyEXL0Z/pjDy5HBmMjRCJ2gq+g==}
    engines: {node: '>= 4'}

  inherits@2.0.4:
    resolution: {integrity: sha512-k/vGaX4/Yla3WzyMCvTQOXYeIHvqOKtnqBduzTHpzpQZzAskKMhZ2K+EnBiSM9zGSoIFeMpXKxa4dYeZIQqewQ==}

  iobuffer@5.4.0:
    resolution: {integrity: sha512-DRebOWuqDvxunfkNJAlc3IzWIPD5xVxwUNbHr7xKB8E6aLJxIPfNX3CoMJghcFjpv6RWQsrcJbghtEwSPoJqMA==}

  is-extglob@2.1.1:
    resolution: {integrity: sha512-SbKbANkN603Vi4jEZv49LeVJMn4yGwsbzZworEoyEiutsN3nJYdbO36zfhGJ6QEDpOZIFkDtnq5JRxmvl3jsoQ==}
    engines: {node: '>=0.10.0'}

  is-glob@4.0.3:
    resolution: {integrity: sha512-xelSayHH36ZgE7ZWhli7pW34hNbNl8Ojv5KVmkJD4hBdD3th8Tfk9vYasLM+mXWOZhFkgZfxhLSnrwRr4elSSg==}
    engines: {node: '>=0.10.0'}

  is-number@7.0.0:
    resolution: {integrity: sha512-41Cifkg6e8TylSpdtTpeLVMqvSBEVzTttHvERD741+pnZ8ANv0004MRL43QKPDlK9cGvNp6NZWZUBlbGXYxxng==}
    engines: {node: '>=0.12.0'}

  jsonfile@6.1.0:
    resolution: {integrity: sha512-5dgndWOriYSm5cnYaJNhalLNDKOqFwyDB/rr1E9ZsGciGvKPs8R2xYGCacuf3z6K1YKDz182fd+fY3cn3pMqXQ==}

  jspdf@4.0.0:
    resolution: {integrity: sha512-w12U97Z6edKd2tXDn3LzTLg7C7QLJlx0BPfM3ecjK2BckUl9/81vZ+r5gK4/3KQdhAcEZhENUxRhtgYBj75MqQ==}

  locate-path@5.0.0:
    resolution: {integrity: sha512-t7hw9pI+WvuwNJXwk5zVHpyhIqzg2qTlklJOf0mVxGSbe3Fp2VieZcduNYjaLDoy6p9uGpQEGWG87WpMKlNq8g==}
    engines: {node: '>=8'}

  lower-case@2.0.2:
    resolution: {integrity: sha512-7fm3l3NAF9WfN6W3JOmf5drwpVqX78JtoGJ3A6W0a6ZnldM41w2fV5D490psKFTpMds8TJse/eHLFFsNHHjHgg==}

  make-dir@3.1.0:
    resolution: {integrity: sha512-g3FeP20LNwhALb/6Cz6Dd4F2ngze0jz7tbzrD2wAV+o9FeNHe4rL+yK2md0J/fiSf1sa1ADhXqi5+oVwOM/eGw==}
    engines: {node: '>=8'}

  merge2@1.4.1:
    resolution: {integrity: sha512-8q7VEgMJW4J8tcfVPy8g09NcQwZdbwFEqhe/WZkoIzjn/3TGDwtOCYtXGxA3O8tPzpczCCDgv+P2P5y00ZJOOg==}
    engines: {node: '>= 8'}

  micromatch@4.0.8:
    resolution: {integrity: sha512-PXwfBhYu0hBCPw8Dn0E+WDYb7af3dSLVWKi3HGv84IdF4TyFoC0ysxFd0Goxw7nSv4T/PzEJQxsYsEiFCKo2BA==}
    engines: {node: '>=8.6'}

  minimalistic-assert@1.0.1:
    resolution: {integrity: sha512-UtJcAD4yEaGtjPezWuO9wC4nwUnVH/8/Im3yEHQP4b67cXlD/Qr9hdITCU1xDbSEXg2XKNaP8jsReV7vQd00/A==}

  nanoid@3.3.11:
    resolution: {integrity: sha512-N8SpfPUnUp1bK+PMYW8qSWdl9U+wwNWI4QKxOYDy9JAro3WMX7p2OeVRF9v+347pnakNevPmiHhNmZ2HbFA76w==}
    engines: {node: ^10 || ^12 || ^13.7 || ^14 || >=15.0.1}
    hasBin: true

  no-case@3.0.4:
    resolution: {integrity: sha512-fgAN3jGAh+RoxUGZHTSOLJIqUc2wmoBwGR4tbpNAKmmovFoWq0OdRkb0VkldReO2a2iBT/OEulG9XSUc10r3zg==}

  p-limit@2.3.0:
    resolution: {integrity: sha512-//88mFWSJx8lxCzwdAABTJL2MyWB12+eIY7MDL2SqLmAkeKU9qxRvWuSyTjm3FUmpBEMuFfckAIqEaVGUDxb6w==}
    engines: {node: '>=6'}

  p-locate@4.1.0:
    resolution: {integrity: sha512-R79ZZ/0wAxKGu3oYMlz8jy/kbhsNrS7SKZ7PxEHBgJ5+F2mtFW2fK2cOtBh1cHYkQsbzFV7I+EoRKe6Yt0oK7A==}
    engines: {node: '>=8'}

  p-try@2.2.0:
    resolution: {integrity: sha512-R4nPAVTAU0B9D35/Gk3uJf/7XYbQcyohSKdvAxIRSNghFl4e71hVoGnBNQz9cWaXxO2I10KTC+3jMdvvoKw6dQ==}
    engines: {node: '>=6'}

  pako@2.1.0:
    resolution: {integrity: sha512-w+eufiZ1WuJYgPXbV/PO3NCMEc3xqylkKHzp8bxp1uW4qaSNQUkwmLLEc3kKsfz8lpV1F8Ht3U1Cm+9Srog2ug==}

  param-case@3.0.4:
    resolution: {integrity: sha512-RXlj7zCYokReqWpOPH9oYivUzLYZ5vAPIfEmCTNViosC78F8F0H9y7T7gG2M39ymgutxF5gcFEsyZQSph9Bp3A==}

  pascal-case@3.1.2:
    resolution: {integrity: sha512-uWlGT3YSnK9x3BQJaOdcZwrnV6hPpd8jFH1/ucpiLRPh/2zCVJKS19E4GvYHvaCcACn3foXZ0cLB9Wrx1KGe5g==}

  path-exists@4.0.0:
    resolution: {integrity: sha512-ak9Qy5Q7jYb2Wwcey5Fpvg2KoAc/ZIhLSLOSBmRmygPsGwkVVt0fZa0qrtMz+m6tJTAHfZQ8FnmB4MG4LWy7/w==}
    engines: {node: '>=8'}

  path-type@4.0.0:
    resolution: {integrity: sha512-gDKb8aZMDeD/tZWs9P6+q0J9Mwkdl6xMV8TjnGP3qJVJ06bdMgkbBlLU8IdfOsIsFz2BW1rNVT3XuNEl8zPAvw==}
    engines: {node: '>=8'}

  performance-now@2.1.0:
    resolution: {integrity: sha512-7EAHlyLHI56VEIdK57uwHdHKIaAGbnXPiw0yWbarQZOKaKpvUIgW0jWRVLiatnM+XXlSwsanIBH/hzGMJulMow==}

  picocolors@1.1.1:
    resolution: {integrity: sha512-xceH2snhtb5M9liqDsmEw56le376mTZkEX/jEb/RxNFyegNul7eNslCXP9FDj/Lcu0X8KEyMceP2ntpaHrDEVA==}

  picomatch@2.3.1:
    resolution: {integrity: sha512-JU3teHTNjmE2VCGFzuY8EXzCDVwEqB2a8fsIvwaStHhAWJEeVd1o1QD80CU6+ZdEXXSLbSsuLwJjkCBWqRQUVA==}
    engines: {node: '>=8.6'}

  picomatch@4.0.3:
    resolution: {integrity: sha512-5gTmgEY/sqK6gFXLIsQNH19lWb4ebPDLA4SdLP7dsWkIXHWlG66oPuVvXSGFPppYZz8ZDZq0dYYrbHfBCVUb1Q==}
    engines: {node: '>=12'}

  pkg-dir@4.2.0:
    resolution: {integrity: sha512-HRDzbaKjC+AOWVXxAU/x54COGeIv9eb+6CkDSQoNTt4XyWoIJvuPsXizxu/Fr23EiekbtZwmh1IcIG/l/a10GQ==}
    engines: {node: '>=8'}

  postcss@8.5.6:
    resolution: {integrity: sha512-3Ybi1tAuwAP9s0r1UQ2J4n5Y0G05bJkpUIO0/bI9MhwmD70S5aTWbXGBwxHrelT+XM1k6dM0pk+SwNkpTRN7Pg==}
    engines: {node: ^10 || ^12 || >=14}

  queue-microtask@1.2.3:
    resolution: {integrity: sha512-NuaNSa6flKT5JaSYQzJok04JzTL1CA6aGhv5rfLW3PgqA+M2ChpZQnAC8h8i4ZFkBS8X5RqkDBHA7r4hej3K9A==}

  raf@3.4.1:
    resolution: {integrity: sha512-Sq4CW4QhwOHE8ucn6J34MqtZCeWFP2aQSmrlroYgqAV1PjStIhJXxYuTgUIfkEk7zTLjmIjLmU5q+fbD1NnOJA==}

  regenerator-runtime@0.13.11:
    resolution: {integrity: sha512-kY1AZVr2Ra+t+piVaJ4gxaFaReZVH40AKNo7UCX6W+dEwBo/2oZJzqfuN1qLq1oL45o56cPaTXELwrTh8Fpggg==}

  relateurl@0.2.7:
    resolution: {integrity: sha512-G08Dxvm4iDN3MLM0EsP62EDV9IuhXPR6blNz6Utcp7zyV3tr4HVNINt6MpaRWbxoOHT3Q7YN2P+jaHX8vUbgog==}
    engines: {node: '>= 0.10'}

  reusify@1.1.0:
    resolution: {integrity: sha512-g6QUff04oZpHs0eG5p83rFLhHeV00ug/Yf9nZM6fLeUrPguBTkTQOdpAWWspMh55TZfVQDPaN3NQJfbVRAxdIw==}
    engines: {iojs: '>=1.0.0', node: '>=0.10.0'}

  rgbcolor@1.0.1:
    resolution: {integrity: sha512-9aZLIrhRaD97sgVhtJOW6ckOEh6/GnvQtdVNfdZ6s67+3/XwLS9lBcQYzEEhYVeUowN7pRzMLsyGhK2i/xvWbw==}
    engines: {node: '>= 0.8.15'}

  rollup@4.50.0:
    resolution: {integrity: sha512-/Zl4D8zPifNmyGzJS+3kVoyXeDeT/GrsJM94sACNg9RtUE0hrHa1bNPtRSrfHTMH5HjRzce6K7rlTh3Khiw+pw==}
    engines: {node: '>=18.0.0', npm: '>=8.0.0'}
    hasBin: true

  run-parallel@1.2.0:
    resolution: {integrity: sha512-5l4VyZR86LZ/lDxZTR6jqL8AFE2S0IFLMP26AbjsLVADxHdhB/c0GUsH+y39UfCi3dzz8OlQuPmnaJOMoDHQBA==}

  semver@6.3.1:
    resolution: {integrity: sha512-BR7VvDCVHO+q2xBEWskxS6DJE1qRnb7DxzUrogb71CWoSficBxYsiAGd+Kl0mmq/MprG9yArRkyrQxTO6XjMzA==}
    hasBin: true

  slash@3.0.0:
    resolution: {integrity: sha512-g9Q1haeby36OSStwb4ntCGGGaKsaVSjQ68fBxoQcutl5fS1vuY18H3wSt3jFyFtrkx+Kz0V1G85A4MyAdDMi2Q==}
    engines: {node: '>=8'}

  source-map-js@1.2.1:
    resolution: {integrity: sha512-UXWMKhLOwVKb728IUtQPXxfYU+usdybtUrK/8uGE8CQMvrhOpwvzDBwj0QhSL7MQc7vIsISBG8VQ8+IDQxpfQA==}
    engines: {node: '>=0.10.0'}

  source-map-support@0.5.21:
    resolution: {integrity: sha512-uBHU3L3czsIyYXKX88fdrGovxdSCoTGDRZ6SYXtSRxLZUzHg5P/66Ht6uoUlHu9EZod+inXhKo3qQgwXUT/y1w==}

  source-map@0.6.1:
    resolution: {integrity: sha512-UjgapumWlbMhkBgzT7Ykc5YXUT46F0iKu8SGXq0bcwP5dz/h0Plj6enJqjz1Zbq2l5WaqYnrVbwWOWMyF3F47g==}
    engines: {node: '>=0.10.0'}

  stackblur-canvas@2.7.0:
    resolution: {integrity: sha512-yf7OENo23AGJhBriGx0QivY5JP6Y1HbrrDI6WLt6C5auYZXlQrheoY8hD4ibekFKz1HOfE48Ww8kMWMnJD/zcQ==}
    engines: {node: '>=0.1.14'}

  strip-outer@1.0.1:
    resolution: {integrity: sha512-k55yxKHwaXnpYGsOzg4Vl8+tDrWylxDEpknGjhTiZB8dFRU5rTo9CAzeycivxV3s+zlTKwrs6WxMxR95n26kwg==}
    engines: {node: '>=0.10.0'}

  svg-pathdata@6.0.3:
    resolution: {integrity: sha512-qsjeeq5YjBZ5eMdFuUa4ZosMLxgr5RZ+F+Y1OrDhuOCEInRMA3x74XdBtggJcj9kOeInz0WE+LgCPDkZFlBYJw==}
    engines: {node: '>=12.0.0'}

  terser@5.39.0:
    resolution: {integrity: sha512-LBAhFyLho16harJoWMg/nZsQYgTrg5jXOn2nCYjRUcZZEdE3qa2zb8QEDRUGVZBW4rlazf2fxkg8tztybTaqWw==}
    engines: {node: '>=10'}
    hasBin: true

  text-segmentation@1.0.3:
    resolution: {integrity: sha512-iOiPUo/BGnZ6+54OsWxZidGCsdU8YbE4PSpdPinp7DeMtUJNJBoJ/ouUSTJjHkh1KntHaltHl/gDs2FC4i5+Nw==}

  tga-js@1.1.1:
    resolution: {integrity: sha512-2EcbDHfFCggAt0DLjUwZzKaQGaCmcQZBQrYscVnWjxzl+2Q1PFp1ABsO2UVevF1pTi2t9mmWkzPaQqUeJA+mhA==}

  tinyglobby@0.2.15:
    resolution: {integrity: sha512-j2Zq4NyQYG5XMST4cbs02Ak8iJUdxRM0XI5QyxXuZOzKOINmWurp3smXu3y5wDcJrptwpSjgXHzIQxR0omXljQ==}
    engines: {node: '>=12.0.0'}

  to-regex-range@5.0.1:
    resolution: {integrity: sha512-65P7iz6X5yEr1cwcgvQxbbIw7Uk3gOy5dIdtZ4rDveLqhrdJP+Li/Hx6tyK0NEb+2GCyneCMJiGqrADCSNk8sQ==}
    engines: {node: '>=8.0'}

  trim-repeated@1.0.0:
    resolution: {integrity: sha512-pkonvlKk8/ZuR0D5tLW8ljt5I8kmxp2XKymhepUeOdCEfKpZaktSArkLHZt76OB1ZvO9bssUsDty4SWhLvZpLg==}
    engines: {node: '>=0.10.0'}

  tslib@2.8.1:
    resolution: {integrity: sha512-oJFu94HQb+KVduSUQL7wnpmqnfmLsOA/nAh6b6EH0wCEoK0/mPeXU6c3wKDV83MkOuHPRHtSXKKU99IBazS/2w==}

  typescript@5.9.3:
    resolution: {integrity: sha512-jl1vZzPDinLr9eUt3J/t7V6FgNEw9QjvBPdysz9KfQDD41fQrC2Y4vKQdiaUpFT4bXlb1RHhLpp8wtm6M5TgSw==}
    engines: {node: '>=14.17'}
    hasBin: true

  universalify@2.0.1:
    resolution: {integrity: sha512-gptHNQghINnc/vTGIk0SOFGFNXw7JVrlRUtConJRlvaw6DuX0wO5Jeko9sWrMBhh+PsYAZ7oXAiOnf/UKogyiw==}
    engines: {node: '>= 10.0.0'}

  utrie@1.0.2:
    resolution: {integrity: sha512-1MLa5ouZiOmQzUbjbu9VmjLzn1QLXBhwpUa7kdLUQK+KQ5KA9I1vk5U4YHe/X2Ch7PYnJfWuWT+VbuxbGwljhw==}

  uzip@0.20201231.0:
    resolution: {integrity: sha512-OZeJfZP+R0z9D6TmBgLq2LHzSSptGMGDGigGiEe0pr8UBe/7fdflgHlHBNDASTXB5jnFuxHpNaJywSg8YFeGng==}

  vite-plugin-minify@2.1.0:
    resolution: {integrity: sha512-h+Ae0WX0mvrWM4GhE6JX2NmxlDuZRv4AgcTHFqfbSyPwS+OdlOM692AQrK0eO8lDEh7gYLjG3EHovKvtrNQDvA==}
    peerDependencies:
      vite: '>=5'

  vite@7.3.1:
    resolution: {integrity: sha512-w+N7Hifpc3gRjZ63vYBXA56dvvRlNWRczTdmCBBa+CotUzAPf5b7YMdMR/8CQoeYE5LX3W4wj6RYTgonm1b9DA==}
    engines: {node: ^20.19.0 || >=22.12.0}
    hasBin: true
    peerDependencies:
      '@types/node': ^20.19.0 || >=22.12.0
      jiti: '>=1.21.0'
      less: ^4.0.0
      lightningcss: ^1.21.0
      sass: ^1.70.0
      sass-embedded: ^1.70.0
      stylus: '>=0.54.8'
      sugarss: ^5.0.0
      terser: ^5.16.0
      tsx: ^4.8.1
      yaml: ^2.4.2
    peerDependenciesMeta:
      '@types/node':
        optional: true
      jiti:
        optional: true
      less:
        optional: true
      lightningcss:
        optional: true
      sass:
        optional: true
      sass-embedded:
        optional: true
      stylus:
        optional: true
      sugarss:
        optional: true
      terser:
        optional: true
      tsx:
        optional: true
      yaml:
        optional: true

snapshots:

  '@babel/runtime@7.28.6': {}

  '@esbuild/aix-ppc64@0.27.2':
    optional: true

  '@esbuild/android-arm64@0.27.2':
    optional: true

  '@esbuild/android-arm@0.27.2':
    optional: true

  '@esbuild/android-x64@0.27.2':
    optional: true

  '@esbuild/darwin-arm64@0.27.2':
    optional: true

  '@esbuild/darwin-x64@0.27.2':
    optional: true

  '@esbuild/freebsd-arm64@0.27.2':
    optional: true

  '@esbuild/freebsd-x64@0.27.2':
    optional: true

  '@esbuild/linux-arm64@0.27.2':
    optional: true

  '@esbuild/linux-arm@0.27.2':
    optional: true

  '@esbuild/linux-ia32@0.27.2':
    optional: true

  '@esbuild/linux-loong64@0.27.2':
    optional: true

  '@esbuild/linux-mips64el@0.27.2':
    optional: true

  '@esbuild/linux-ppc64@0.27.2':
    optional: true

  '@esbuild/linux-riscv64@0.27.2':
    optional: true

  '@esbuild/linux-s390x@0.27.2':
    optional: true

  '@esbuild/linux-x64@0.27.2':
    optional: true

  '@esbuild/netbsd-arm64@0.27.2':
    optional: true

  '@esbuild/netbsd-x64@0.27.2':
    optional: true

  '@esbuild/openbsd-arm64@0.27.2':
    optional: true

  '@esbuild/openbsd-x64@0.27.2':
    optional: true

  '@esbuild/openharmony-arm64@0.27.2':
    optional: true

  '@esbuild/sunos-x64@0.27.2':
    optional: true

  '@esbuild/win32-arm64@0.27.2':
    optional: true

  '@esbuild/win32-ia32@0.27.2':
    optional: true

  '@esbuild/win32-x64@0.27.2':
    optional: true

  '@jridgewell/gen-mapping@0.3.8':
    dependencies:
      '@jridgewell/set-array': 1.2.1
      '@jridgewell/sourcemap-codec': 1.5.0
      '@jridgewell/trace-mapping': 0.3.25

  '@jridgewell/resolve-uri@3.1.2': {}

  '@jridgewell/set-array@1.2.1': {}

  '@jridgewell/source-map@0.3.6':
    dependencies:
      '@jridgewell/gen-mapping': 0.3.8
      '@jridgewell/trace-mapping': 0.3.25

  '@jridgewell/sourcemap-codec@1.5.0': {}

  '@jridgewell/trace-mapping@0.3.25':
    dependencies:
      '@jridgewell/resolve-uri': 3.1.2
      '@jridgewell/sourcemap-codec': 1.5.0

  '@nodelib/fs.scandir@2.1.5':
    dependencies:
      '@nodelib/fs.stat': 2.0.5
      run-parallel: 1.2.0

  '@nodelib/fs.stat@2.0.5': {}

  '@nodelib/fs.walk@1.2.8':
    dependencies:
      '@nodelib/fs.scandir': 2.1.5
      fastq: 1.19.1

  '@rollup/rollup-android-arm-eabi@4.50.0':
    optional: true

  '@rollup/rollup-android-arm64@4.50.0':
    optional: true

  '@rollup/rollup-darwin-arm64@4.50.0':
    optional: true

  '@rollup/rollup-darwin-x64@4.50.0':
    optional: true

  '@rollup/rollup-freebsd-arm64@4.50.0':
    optional: true

  '@rollup/rollup-freebsd-x64@4.50.0':
    optional: true

  '@rollup/rollup-linux-arm-gnueabihf@4.50.0':
    optional: true

  '@rollup/rollup-linux-arm-musleabihf@4.50.0':
    optional: true

  '@rollup/rollup-linux-arm64-gnu@4.50.0':
    optional: true

  '@rollup/rollup-linux-arm64-musl@4.50.0':
    optional: true

  '@rollup/rollup-linux-loongarch64-gnu@4.50.0':
    optional: true

  '@rollup/rollup-linux-ppc64-gnu@4.50.0':
    optional: true

  '@rollup/rollup-linux-riscv64-gnu@4.50.0':
    optional: true

  '@rollup/rollup-linux-riscv64-musl@4.50.0':
    optional: true

  '@rollup/rollup-linux-s390x-gnu@4.50.0':
    optional: true

  '@rollup/rollup-linux-x64-gnu@4.50.0':
    optional: true

  '@rollup/rollup-linux-x64-musl@4.50.0':
    optional: true

  '@rollup/rollup-openharmony-arm64@4.50.0':
    optional: true

  '@rollup/rollup-win32-arm64-msvc@4.50.0':
    optional: true

  '@rollup/rollup-win32-ia32-msvc@4.50.0':
    optional: true

  '@rollup/rollup-win32-x64-msvc@4.50.0':
    optional: true

  '@types/estree@1.0.8': {}

  '@types/html-minifier-terser@7.0.2': {}

  '@types/pako@2.0.4': {}

  '@types/raf@3.4.3':
    optional: true

  '@types/trusted-types@2.0.7':
    optional: true

  acorn@8.14.1: {}

  array-union@2.1.0: {}

  async@3.2.6: {}

  base64-arraybuffer@1.0.2:
    optional: true

  braces@3.0.3:
    dependencies:
      fill-range: 7.1.1

  browser-image-compression@2.0.2:
    dependencies:
      uzip: 0.20201231.0

  buffer-from@1.1.2: {}

  camel-case@4.1.2:
    dependencies:
      pascal-case: 3.1.2
      tslib: 2.8.1

  canvg@3.0.11:
    dependencies:
      '@babel/runtime': 7.28.6
      '@types/raf': 3.4.3
      core-js: 3.41.0
      raf: 3.4.1
      regenerator-runtime: 0.13.11
      rgbcolor: 1.0.1
      stackblur-canvas: 2.7.0
      svg-pathdata: 6.0.3
    optional: true

  clean-css@5.3.3:
    dependencies:
      source-map: 0.6.1

  commander@10.0.1: {}

  commander@13.1.0: {}

  commander@2.20.3: {}

  commondir@1.0.1: {}

  core-js@3.41.0:
    optional: true

  css-line-break@2.1.0:
    dependencies:
      utrie: 1.0.2
    optional: true

  dir-glob@3.0.1:
    dependencies:
      path-type: 4.0.0

  dompurify@3.2.4:
    optionalDependencies:
      '@types/trusted-types': 2.0.7
    optional: true

  dot-case@3.0.4:
    dependencies:
      no-case: 3.0.4
      tslib: 2.8.1

  email-addresses@5.0.0: {}

  entities@4.5.0: {}

  esbuild@0.27.2:
    optionalDependencies:
      '@esbuild/aix-ppc64': 0.27.2
      '@esbuild/android-arm': 0.27.2
      '@esbuild/android-arm64': 0.27.2
      '@esbuild/android-x64': 0.27.2
      '@esbuild/darwin-arm64': 0.27.2
      '@esbuild/darwin-x64': 0.27.2
      '@esbuild/freebsd-arm64': 0.27.2
      '@esbuild/freebsd-x64': 0.27.2
      '@esbuild/linux-arm': 0.27.2
      '@esbuild/linux-arm64': 0.27.2
      '@esbuild/linux-ia32': 0.27.2
      '@esbuild/linux-loong64': 0.27.2
      '@esbuild/linux-mips64el': 0.27.2
      '@esbuild/linux-ppc64': 0.27.2
      '@esbuild/linux-riscv64': 0.27.2
      '@esbuild/linux-s390x': 0.27.2
      '@esbuild/linux-x64': 0.27.2
      '@esbuild/netbsd-arm64': 0.27.2
      '@esbuild/netbsd-x64': 0.27.2
      '@esbuild/openbsd-arm64': 0.27.2
      '@esbuild/openbsd-x64': 0.27.2
      '@esbuild/openharmony-arm64': 0.27.2
      '@esbuild/sunos-x64': 0.27.2
      '@esbuild/win32-arm64': 0.27.2
      '@esbuild/win32-ia32': 0.27.2
      '@esbuild/win32-x64': 0.27.2

  escape-string-regexp@1.0.5: {}

  fast-glob@3.3.3:
    dependencies:
      '@nodelib/fs.stat': 2.0.5
      '@nodelib/fs.walk': 1.2.8
      glob-parent: 5.1.2
      merge2: 1.4.1
      micromatch: 4.0.8

  fast-png@6.4.0:
    dependencies:
      '@types/pako': 2.0.4
      iobuffer: 5.4.0
      pako: 2.1.0

  fastq@1.19.1:
    dependencies:
      reusify: 1.1.0

  fdir@6.5.0(picomatch@4.0.3):
    optionalDependencies:
      picomatch: 4.0.3

  fflate@0.8.2: {}

  filename-reserved-regex@2.0.0: {}

  filenamify@4.3.0:
    dependencies:
      filename-reserved-regex: 2.0.0
      strip-outer: 1.0.1
      trim-repeated: 1.0.0

  fill-range@7.1.1:
    dependencies:
      to-regex-range: 5.0.1

  find-cache-dir@3.3.2:
    dependencies:
      commondir: 1.0.1
      make-dir: 3.1.0
      pkg-dir: 4.2.0

  find-up@4.1.0:
    dependencies:
      locate-path: 5.0.0
      path-exists: 4.0.0

  fs-extra@11.3.0:
    dependencies:
      graceful-fs: 4.2.11
      jsonfile: 6.1.0
      universalify: 2.0.1

  fsevents@2.3.3:
    optional: true

  gh-pages@6.3.0:
    dependencies:
      async: 3.2.6
      commander: 13.1.0
      email-addresses: 5.0.0
      filenamify: 4.3.0
      find-cache-dir: 3.3.2
      fs-extra: 11.3.0
      globby: 11.1.0

  glob-parent@5.1.2:
    dependencies:
      is-glob: 4.0.3

  globby@11.1.0:
    dependencies:
      array-union: 2.1.0
      dir-glob: 3.0.1
      fast-glob: 3.3.3
      ignore: 5.3.2
      merge2: 1.4.1
      slash: 3.0.0

  graceful-fs@4.2.11: {}

  hash.js@1.1.7:
    dependencies:
      inherits: 2.0.4
      minimalistic-assert: 1.0.1

  html-minifier-terser@7.2.0:
    dependencies:
      camel-case: 4.1.2
      clean-css: 5.3.3
      commander: 10.0.1
      entities: 4.5.0
      param-case: 3.0.4
      relateurl: 0.2.7
      terser: 5.39.0

  html2canvas@1.4.1:
    dependencies:
      css-line-break: 2.1.0
      text-segmentation: 1.0.3
    optional: true

  ignore@5.3.2: {}

  inherits@2.0.4: {}

  iobuffer@5.4.0: {}

  is-extglob@2.1.1: {}

  is-glob@4.0.3:
    dependencies:
      is-extglob: 2.1.1

  is-number@7.0.0: {}

  jsonfile@6.1.0:
    dependencies:
      universalify: 2.0.1
    optionalDependencies:
      graceful-fs: 4.2.11

  jspdf@4.0.0:
    dependencies:
      '@babel/runtime': 7.28.6
      fast-png: 6.4.0
      fflate: 0.8.2
    optionalDependencies:
      canvg: 3.0.11
      core-js: 3.41.0
      dompurify: 3.2.4
      html2canvas: 1.4.1

  locate-path@5.0.0:
    dependencies:
      p-locate: 4.1.0

  lower-case@2.0.2:
    dependencies:
      tslib: 2.8.1

  make-dir@3.1.0:
    dependencies:
      semver: 6.3.1

  merge2@1.4.1: {}

  micromatch@4.0.8:
    dependencies:
      braces: 3.0.3
      picomatch: 2.3.1

  minimalistic-assert@1.0.1: {}

  nanoid@3.3.11: {}

  no-case@3.0.4:
    dependencies:
      lower-case: 2.0.2
      tslib: 2.8.1

  p-limit@2.3.0:
    dependencies:
      p-try: 2.2.0

  p-locate@4.1.0:
    dependencies:
      p-limit: 2.3.0

  p-try@2.2.0: {}

  pako@2.1.0: {}

  param-case@3.0.4:
    dependencies:
      dot-case: 3.0.4
      tslib: 2.8.1

  pascal-case@3.1.2:
    dependencies:
      no-case: 3.0.4
      tslib: 2.8.1

  path-exists@4.0.0: {}

  path-type@4.0.0: {}

  performance-now@2.1.0:
    optional: true

  picocolors@1.1.1: {}

  picomatch@2.3.1: {}

  picomatch@4.0.3: {}

  pkg-dir@4.2.0:
    dependencies:
      find-up: 4.1.0

  postcss@8.5.6:
    dependencies:
      nanoid: 3.3.11
      picocolors: 1.1.1
      source-map-js: 1.2.1

  queue-microtask@1.2.3: {}

  raf@3.4.1:
    dependencies:
      performance-now: 2.1.0
    optional: true

  regenerator-runtime@0.13.11:
    optional: true

  relateurl@0.2.7: {}

  reusify@1.1.0: {}

  rgbcolor@1.0.1:
    optional: true

  rollup@4.50.0:
    dependencies:
      '@types/estree': 1.0.8
    optionalDependencies:
      '@rollup/rollup-android-arm-eabi': 4.50.0
      '@rollup/rollup-android-arm64': 4.50.0
      '@rollup/rollup-darwin-arm64': 4.50.0
      '@rollup/rollup-darwin-x64': 4.50.0
      '@rollup/rollup-freebsd-arm64': 4.50.0
      '@rollup/rollup-freebsd-x64': 4.50.0
      '@rollup/rollup-linux-arm-gnueabihf': 4.50.0
      '@rollup/rollup-linux-arm-musleabihf': 4.50.0
      '@rollup/rollup-linux-arm64-gnu': 4.50.0
      '@rollup/rollup-linux-arm64-musl': 4.50.0
      '@rollup/rollup-linux-loongarch64-gnu': 4.50.0
      '@rollup/rollup-linux-ppc64-gnu': 4.50.0
      '@rollup/rollup-linux-riscv64-gnu': 4.50.0
      '@rollup/rollup-linux-riscv64-musl': 4.50.0
      '@rollup/rollup-linux-s390x-gnu': 4.50.0
      '@rollup/rollup-linux-x64-gnu': 4.50.0
      '@rollup/rollup-linux-x64-musl': 4.50.0
      '@rollup/rollup-openharmony-arm64': 4.50.0
      '@rollup/rollup-win32-arm64-msvc': 4.50.0
      '@rollup/rollup-win32-ia32-msvc': 4.50.0
      '@rollup/rollup-win32-x64-msvc': 4.50.0
      fsevents: 2.3.3

  run-parallel@1.2.0:
    dependencies:
      queue-microtask: 1.2.3

  semver@6.3.1: {}

  slash@3.0.0: {}

  source-map-js@1.2.1: {}

  source-map-support@0.5.21:
    dependencies:
      buffer-from: 1.1.2
      source-map: 0.6.1

  source-map@0.6.1: {}

  stackblur-canvas@2.7.0:
    optional: true

  strip-outer@1.0.1:
    dependencies:
      escape-string-regexp: 1.0.5

  svg-pathdata@6.0.3:
    optional: true

  terser@5.39.0:
    dependencies:
      '@jridgewell/source-map': 0.3.6
      acorn: 8.14.1
      commander: 2.20.3
      source-map-support: 0.5.21

  text-segmentation@1.0.3:
    dependencies:
      utrie: 1.0.2
    optional: true

  tga-js@1.1.1: {}

  tinyglobby@0.2.15:
    dependencies:
      fdir: 6.5.0(picomatch@4.0.3)
      picomatch: 4.0.3

  to-regex-range@5.0.1:
    dependencies:
      is-number: 7.0.0

  trim-repeated@1.0.0:
    dependencies:
      escape-string-regexp: 1.0.5

  tslib@2.8.1: {}

  typescript@5.9.3: {}

  universalify@2.0.1: {}

  utrie@1.0.2:
    dependencies:
      base64-arraybuffer: 1.0.2
    optional: true

  uzip@0.20201231.0: {}

  vite-plugin-minify@2.1.0(vite@7.3.1(terser@5.39.0)):
    dependencies:
      '@types/html-minifier-terser': 7.0.2
      html-minifier-terser: 7.2.0
      vite: 7.3.1(terser@5.39.0)

  vite@7.3.1(terser@5.39.0):
    dependencies:
      esbuild: 0.27.2
      fdir: 6.5.0(picomatch@4.0.3)
      picomatch: 4.0.3
      postcss: 8.5.6
      rollup: 4.50.0
      tinyglobby: 0.2.15
    optionalDependencies:
      fsevents: 2.3.3
      terser: 5.39.0
